schema: '2.0'
stages:
  unzip:
    cmd: python scripts/unzip.py --zip data/dataset.zip --out data/raw --clean
    deps:
    - path: data/dataset.zip
      hash: md5
      md5: c0774bc2167b8dfd0044a0fc3c0447da
      size: 1837488516
    - path: scripts/unzip.py
      hash: md5
      md5: e5f5ab0a756335e8832e131d78b655e5
      size: 782
      isexec: true
    outs:
    - path: data/raw
      hash: md5
      md5: 15c442ad9214c3458e3c7acbac964312.dir
      size: 1852000110
      nfiles: 32213
